{
  "nodes": {
    "brew-src": {
      "flake": false,
      "locked": {
        "lastModified": 1769363988,
        "narHash": "sha256-BiGPeulrDVetXP+tjxhMcGLUROZAtZIhU5m4MqawCfM=",
        "owner": "Homebrew",
        "repo": "brew",
        "rev": "d01011cac6d72032c75fd2cd9489909e95d9faf2",
        "type": "github"
      },
      "original": {
        "owner": "Homebrew",
        "ref": "5.0.12",
        "repo": "brew",
        "type": "github"
      }
    },
    "deploy-rs": {
      "inputs": {
        "flake-compat": "flake-compat",
        "nixpkgs": "nixpkgs",
        "utils": "utils"
      },
      "locked": {
        "lastModified": 1770019181,
        "narHash": "sha256-hwsYgDnby50JNVpTRYlF3UR/Rrpt01OrxVuryF40CFY=",
        "owner": "serokell",
        "repo": "deploy-rs",
        "rev": "77c906c0ba56aabdbc72041bf9111b565cdd6171",
        "type": "github"
      },
      "original": {
        "owner": "serokell",
        "repo": "deploy-rs",
        "type": "github"
      }
    },
    "disko": {
      "inputs": {
        "nixpkgs": [
          "nixpkgs-linux"
        ]
      },
      "locked": {
        "lastModified": 1769524058,
        "narHash": "sha256-zygdD6X1PcVNR2PsyK4ptzrVEiAdbMqLos7utrMDEWE=",
        "owner": "nix-community",
        "repo": "disko",
        "rev": "71a3fc97d80881e91710fe721f1158d3b96ae14d",
        "type": "github"
      },
      "original": {
        "owner": "nix-community",
        "repo": "disko",
        "type": "github"
      }
    },
    "emacs-dotfiles": {
      "flake": false,
      "locked": {
        "lastModified": 1757773157,
        "narHash": "sha256-bKvaap+aEOR41pBTIvL+DkT7kYepiRSDQTuX1IQt8G0=",
        "owner": "M-Gregoire",
        "repo": "Doom-emacs-config",
        "rev": "d8997a7689774e911d0fcaaf3853b873a9ae71fd",
        "type": "github"
      },
      "original": {
        "owner": "M-Gregoire",
        "ref": "main",
        "repo": "Doom-emacs-config",
        "type": "github"
      }
    },
    "flake-compat": {
      "flake": false,
      "locked": {
        "lastModified": 1733328505,
        "narHash": "sha256-NeCCThCEP3eCl2l/+27kNNK7QrwZB1IJCrXfrbv5oqU=",
        "owner": "edolstra",
        "repo": "flake-compat",
        "rev": "ff81ac966bb2cae68946d5ed5fc4994f96d0ffec",
        "type": "github"
      },
      "original": {
        "owner": "edolstra",
        "repo": "flake-compat",
        "type": "github"
      }
    },
    "home-manager-darwin": {
      "inputs": {
        "nixpkgs": [
          "nixpkgs-darwin"
        ]
      },
      "locked": {
        "lastModified": 1770260404,
        "narHash": "sha256-3iVX1+7YUIt23hBx1WZsUllhbmP2EnXrV8tCRbLxHc8=",
        "owner": "nix-community",
        "repo": "home-manager",
        "rev": "0d782ee42c86b196acff08acfbf41bb7d13eed5b",
        "type": "github"
      },
      "original": {
        "owner": "nix-community",
        "ref": "release-25.11",
        "repo": "home-manager",
        "type": "github"
      }
    },
    "home-manager-linux": {
      "inputs": {
        "nixpkgs": [
          "nixpkgs-linux"
        ]
      },
      "locked": {
        "lastModified": 1763992789,
        "narHash": "sha256-WHkdBlw6oyxXIra/vQPYLtqY+3G8dUVZM8bEXk0t8x4=",
        "owner": "nix-community",
        "repo": "home-manager",
        "rev": "44831a7eaba4360fb81f2acc5ea6de5fde90aaa3",
        "type": "github"
      },
      "original": {
        "owner": "nix-community",
        "ref": "release-25.05",
        "repo": "home-manager",
        "type": "github"
      }
    },
    "homebrew-borders": {
      "flake": false,
      "locked": {
        "lastModified": 1766486515,
        "narHash": "sha256-YbpzO4TuFD8o7oZwy0uckI14z/UDaimqkipx25GlK6w=",
        "owner": "FelixKratz",
        "repo": "homebrew-formulae",
        "rev": "018a7db2946bfb54dee6be66f962929075173ac7",
        "type": "github"
      },
      "original": {
        "owner": "FelixKratz",
        "repo": "homebrew-formulae",
        "type": "github"
      }
    },
    "homebrew-bundle": {
      "flake": false,
      "locked": {
        "lastModified": 1745335228,
        "narHash": "sha256-TIKR2UgtyUmHLNZp255/vLs+1I10hXe+sciMEbAGFwE=",
        "owner": "homebrew",
        "repo": "homebrew-bundle",
        "rev": "a3265c84b232e13048ecbf6fc18a2eedfadbeb08",
        "type": "github"
      },
      "original": {
        "owner": "homebrew",
        "repo": "homebrew-bundle",
        "type": "github"
      }
    },
    "homebrew-cask": {
      "flake": false,
      "locked": {
        "lastModified": 1770889956,
        "narHash": "sha256-mMBbdOFvOYJLygqZ3nOqL7MlMqEXZPsX3D6CRm85H9U=",
        "owner": "homebrew",
        "repo": "homebrew-cask",
        "rev": "a0adb057d8851dd5def5632048d1d848a40f6599",
        "type": "github"
      },
      "original": {
        "owner": "homebrew",
        "repo": "homebrew-cask",
        "type": "github"
      }
    },
    "homebrew-core": {
      "flake": false,
      "locked": {
        "lastModified": 1770890457,
        "narHash": "sha256-LeGllYDAahbFigyRRLVRKXlUyd+M7SP6DJDLkfgZxy8=",
        "owner": "homebrew",
        "repo": "homebrew-core",
        "rev": "91494be73af6f7ad0bc116bb48517fcda39b41b5",
        "type": "github"
      },
      "original": {
        "owner": "homebrew",
        "repo": "homebrew-core",
        "type": "github"
      }
    },
    "homebrew-emacs": {
      "flake": false,
      "locked": {
        "lastModified": 1768847800,
        "narHash": "sha256-Ju7IN3iWRpaRk6qHRXjHovwOR/vAt9POXEyvJWT2hTs=",
        "owner": "railwaycat",
        "repo": "homebrew-emacsmacport",
        "rev": "ec8b2680172861add03d21d317fa881791dca1cc",
        "type": "github"
      },
      "original": {
        "owner": "railwaycat",
        "repo": "homebrew-emacsmacport",
        "type": "github"
      }
    },
    "nix-darwin": {
      "inputs": {
        "nixpkgs": [
          "nixpkgs-darwin"
        ]
      },
      "locked": {
        "lastModified": 1767634391,
        "narHash": "sha256-owcSz2ICqTSvhBbhPP+1eWzi88e54rRZtfCNE5E/wwg=",
        "owner": "LnL7",
        "repo": "nix-darwin",
        "rev": "08585aacc3d6d6c280a02da195fdbd4b9cf083c2",
        "type": "github"
      },
      "original": {
        "owner": "LnL7",
        "ref": "nix-darwin-25.11",
        "repo": "nix-darwin",
        "type": "github"
      }
    },
    "nix-homebrew": {
      "inputs": {
        "brew-src": "brew-src"
      },
      "locked": {
        "lastModified": 1769437432,
        "narHash": "sha256-8d7KnCpT2LweRvSzZYEGd9IM3eFX+A78opcnDM0+ndk=",
        "owner": "zhaofengli-wip",
        "repo": "nix-homebrew",
        "rev": "a5409abd0d5013d79775d3419bcac10eacb9d8c5",
        "type": "github"
      },
      "original": {
        "owner": "zhaofengli-wip",
        "repo": "nix-homebrew",
        "type": "github"
      }
    },
    "nixos-facter-modules": {
      "locked": {
        "lastModified": 1766558141,
        "narHash": "sha256-Ud9v49ZPsoDBFuyJSQ2Mpw1ZgAH/aMwUwwzrVoetNus=",
        "owner": "numtide",
        "repo": "nixos-facter-modules",
        "rev": "e796d536e3d83de74267069e179dc620a608ed7d",
        "type": "github"
      },
      "original": {
        "owner": "numtide",
        "repo": "nixos-facter-modules",
        "type": "github"
      }
    },
    "nixos-hardware": {
      "locked": {
        "lastModified": 1770882871,
        "narHash": "sha256-nw5g+xl3veea+maxJ2/81tMEA/rPq9aF1H5XF35X+OE=",
        "owner": "NixOS",
        "repo": "nixos-hardware",
        "rev": "af04cb78aa85b2a4d1c15fc7270347e0d0eda97b",
        "type": "github"
      },
      "original": {
        "owner": "NixOS",
        "ref": "master",
        "repo": "nixos-hardware",
        "type": "github"
      }
    },
    "nixpkgs": {
      "locked": {
        "lastModified": 1743014863,
        "narHash": "sha256-jAIUqsiN2r3hCuHji80U7NNEafpIMBXiwKlSrjWMlpg=",
        "owner": "NixOS",
        "repo": "nixpkgs",
        "rev": "bd3bac8bfb542dbde7ffffb6987a1a1f9d41699f",
        "type": "github"
      },
      "original": {
        "owner": "NixOS",
        "ref": "nixpkgs-unstable",
        "repo": "nixpkgs",
        "type": "github"
      }
    },
    "nixpkgs-darwin": {
      "locked": {
        "lastModified": 1770746255,
        "narHash": "sha256-ZzMQ1deN/Ca0GapjGtvlCXPop/ZzFtolpb37KrDTgWo=",
        "owner": "NixOS",
        "repo": "nixpkgs",
        "rev": "78d26d24b115f5df93835994696a30b20bb38c83",
        "type": "github"
      },
      "original": {
        "owner": "NixOS",
        "ref": "nixpkgs-25.11-darwin",
        "repo": "nixpkgs",
        "type": "github"
      }
    },
    "nixpkgs-linux": {
      "locked": {
        "lastModified": 1767313136,
        "narHash": "sha256-16KkgfdYqjaeRGBaYsNrhPRRENs0qzkQVUooNHtoy2w=",
        "owner": "NixOS",
        "repo": "nixpkgs",
        "rev": "ac62194c3917d5f474c1a844b6fd6da2db95077d",
        "type": "github"
      },
      "original": {
        "owner": "NixOS",
        "ref": "nixos-25.05",
        "repo": "nixpkgs",
        "type": "github"
      }
    },
    "nixpkgs-unstable": {
      "locked": {
        "lastModified": 1770562336,
        "narHash": "sha256-ub1gpAONMFsT/GU2hV6ZWJjur8rJ6kKxdm9IlCT0j84=",
        "owner": "nixos",
        "repo": "nixpkgs",
        "rev": "d6c71932130818840fc8fe9509cf50be8c64634f",
        "type": "github"
      },
      "original": {
        "owner": "nixos",
        "ref": "nixos-unstable",
        "repo": "nixpkgs",
        "type": "github"
      }
    },
    "nixpkgs_2": {
      "locked": {
        "lastModified": 1770380644,
        "narHash": "sha256-P7dWMHRUWG5m4G+06jDyThXO7kwSk46C1kgjEWcybkE=",
        "owner": "NixOS",
        "repo": "nixpkgs",
        "rev": "ae67888ff7ef9dff69b3cf0cc0fbfbcd3a722abe",
        "type": "github"
      },
      "original": {
        "owner": "NixOS",
        "ref": "nixpkgs-unstable",
        "repo": "nixpkgs",
        "type": "github"
      }
    },
    "private-config": {
      "flake": false,
      "locked": {
        "lastModified": 1770889215,
        "narHash": "sha256-ghQqor+TYIzViCo5YD9CpKIVx3knusNlno0GNtnAsU0=",
        "path": "/Users/gregoire/src/infrastructure-private",
        "type": "path"
      },
      "original": {
        "path": "/Users/gregoire/src/infrastructure-private",
        "type": "path"
      }
    },
    "root": {
      "inputs": {
        "deploy-rs": "deploy-rs",
        "disko": "disko",
        "emacs-dotfiles": "emacs-dotfiles",
        "home-manager-darwin": "home-manager-darwin",
        "home-manager-linux": "home-manager-linux",
        "homebrew-borders": "homebrew-borders",
        "homebrew-bundle": "homebrew-bundle",
        "homebrew-cask": "homebrew-cask",
        "homebrew-core": "homebrew-core",
        "homebrew-emacs": "homebrew-emacs",
        "nix-darwin": "nix-darwin",
        "nix-homebrew": "nix-homebrew",
        "nixos-facter-modules": "nixos-facter-modules",
        "nixos-hardware": "nixos-hardware",
        "nixpkgs-darwin": "nixpkgs-darwin",
        "nixpkgs-linux": "nixpkgs-linux",
        "nixpkgs-unstable": "nixpkgs-unstable",
        "private-config": "private-config",
        "sops-nix-darwin": "sops-nix-darwin",
        "sops-nix-linux": "sops-nix-linux"
      }
    },
    "sops-nix-darwin": {
      "inputs": {
        "nixpkgs": "nixpkgs_2"
      },
      "locked": {
        "lastModified": 1770683991,
        "narHash": "sha256-xVfPvXDf9QN3Eh9dV+Lw6IkWG42KSuQ1u2260HKvpnc=",
        "owner": "Mic92",
        "repo": "sops-nix",
        "rev": "8b89f44c2cc4581e402111d928869fe7ba9f7033",
        "type": "github"
      },
      "original": {
        "owner": "Mic92",
        "repo": "sops-nix",
        "type": "github"
      }
    },
    "sops-nix-linux": {
      "inputs": {
        "nixpkgs": [
          "nixpkgs-linux"
        ]
      },
      "locked": {
        "lastModified": 1770683991,
        "narHash": "sha256-xVfPvXDf9QN3Eh9dV+Lw6IkWG42KSuQ1u2260HKvpnc=",
        "owner": "Mic92",
        "repo": "sops-nix",
        "rev": "8b89f44c2cc4581e402111d928869fe7ba9f7033",
        "type": "github"
      },
      "original": {
        "owner": "Mic92",
        "repo": "sops-nix",
        "type": "github"
      }
    },
    "systems": {
      "locked": {
        "lastModified": 1681028828,
        "narHash": "sha256-Vy1rq5AaRuLzOxct8nz4T6wlgyUR7zLU309k9mBC768=",
        "owner": "nix-systems",
        "repo": "default",
        "rev": "da67096a3b9bf56a91d16901293e51ba5b49a27e",
        "type": "github"
      },
      "original": {
        "owner": "nix-systems",
        "repo": "default",
        "type": "github"
      }
    },
    "utils": {
      "inputs": {
        "systems": "systems"
      },
      "locked": {
        "lastModified": 1731533236,
        "narHash": "sha256-l0KFg5HjrsfsO/JpG+r7fRrqm12kzFHyUHqHCVpMMbI=",
        "owner": "numtide",
        "repo": "flake-utils",
        "rev": "11707dc2f618dd54ca8739b309ec4fc024de578b",
        "type": "github"
      },
      "original": {
        "owner": "numtide",
        "repo": "flake-utils",
        "type": "github"
      }
    }
  },
  "root": "root",
  "version": 7
}
